
Microsoft Visual Studio Solution File, Format Version 12.00
# Visual Studio Version 17
VisualStudioVersion = 17.8.34227.203
MinimumVisualStudioVersion = 10.0.40219.1
Project("{FAE04EC0-301F-11D3-BF4B-00C04F79EFBC}") = "ComponentToComponentCommunication", "ComponentToComponentCommunication\ComponentToComponentCommunication.csproj", "{FCDDCBDE-26B1-466C-9CD4-76A9926CE599}"
EndProject
Global
	GlobalSection(SolutionConfigurationPlatforms) = preSolution
		Debug|Any CPU = Debug|Any CPU
		Release|Any CPU = Release|Any CPU
	EndGlobalSection
	GlobalSection(ProjectConfigurationPlatforms) = postSolution
		{FCDDCBDE-26B1-466C-9CD4-76A9926CE599}.Debug|Any CPU.ActiveCfg = Debug|Any CPU
		{FCDDCBDE-26B1-466C-9CD4-76A9926CE599}.Debug|Any CPU.Build.0 = Debug|Any CPU
		{FCDDCBDE-26B1-466C-9CD4-76A9926CE599}.Release|Any CPU.ActiveCfg = Release|Any CPU
		{FCDDCBDE-26B1-466C-9CD4-76A9926CE599}.Release|Any CPU.Build.0 = Release|Any CPU
	EndGlobalSection
	GlobalSection(SolutionProperties) = preSolution
		HideSolutionNode = FALSE
	EndGlobalSection
	GlobalSection(ExtensibilityGlobals) = postSolution
		SolutionGuid = {AEC19411-0B75-4F34-8C14-D96D6058AE85}
	EndGlobalSection
EndGlobal
